
Microsoft Visual Studio Solution File, Format Version 12.00
# Visual Studio Version 17
VisualStudioVersion = 17.5.002.0
MinimumVisualStudioVersion = 10.0.40219.1
Project("{2150E333-8FDC-42A3-9474-1A3956D46DE8}") = "Src", "Src", "{EE00E34B-1731-49AA-8B32-6B0B79EFA162}"
EndProject
Project("{2150E333-8FDC-42A3-9474-1A3956D46DE8}") = "WebApp", "WebApp", "{53DA0EA0-A364-429D-98AA-D31293DDEAC7}"
EndProject
Project("{2150E333-8FDC-42A3-9474-1A3956D46DE8}") = "Service", "Service", "{BFC8F195-2320-415E-AA9A-CF514D396A9F}"
EndProject
Project("{2150E333-8FDC-42A3-9474-1A3956D46DE8}") = "Common", "Common", "{D5A4E945-968C-4DA6-B33D-46E4342A2A59}"
EndProject
Project("{9A19103F-16F7-4668-BE54-9A1E7A4F7556}") = "CommonHelper", "CommonHelper\CommonHelper.csproj", "{8C375038-D354-4F83-B9BF-F7E1455AD9C7}"
EndProject
Project("{9A19103F-16F7-4668-BE54-9A1E7A4F7556}") = "ProductAPI", "Product.API\ProductAPI.csproj", "{B09B88F7-E772-4708-B0CF-7CD3A1EB020A}"
EndProject
Project("{2150E333-8FDC-42A3-9474-1A3956D46DE8}") = "Repository", "Repository", "{25037BEF-9C9B-472B-AFD6-A04776DC95B9}"
EndProject
Project("{9A19103F-16F7-4668-BE54-9A1E7A4F7556}") = "Repository", "Repository\Repository.csproj", "{521696D9-CBC8-42A1-BD83-39E9545AFA97}"
EndProject
Project("{9A19103F-16F7-4668-BE54-9A1E7A4F7556}") = "AzureOnlineShop", "AzureOnlineShop\AzureOnlineShop.csproj", "{CB933466-E7A2-4FA2-8280-F427B5651EBA}"
EndProject
Project("{2150E333-8FDC-42A3-9474-1A3956D46DE8}") = "Function", "Function", "{59C163A1-B1A5-4AB7-84AF-09835892F263}"
EndProject
Project("{9A19103F-16F7-4668-BE54-9A1E7A4F7556}") = "FunctionHttp", "FunctionHttp\FunctionHttp.csproj", "{8CD5841C-F0A0-42F8-81CC-0451D583A013}"
EndProject
Project("{9A19103F-16F7-4668-BE54-9A1E7A4F7556}") = "FunctionApp3", "FunctionApp3\FunctionApp3.csproj", "{CF29126C-7ADC-4245-8D3F-07F7FCE8D6C6}"
EndProject
Global
	GlobalSection(SolutionConfigurationPlatforms) = preSolution
		Debug|Any CPU = Debug|Any CPU
		Release|Any CPU = Release|Any CPU
	EndGlobalSection
	GlobalSection(ProjectConfigurationPlatforms) = postSolution
		{8C375038-D354-4F83-B9BF-F7E1455AD9C7}.Debug|Any CPU.ActiveCfg = Debug|Any CPU
		{8C375038-D354-4F83-B9BF-F7E1455AD9C7}.Debug|Any CPU.Build.0 = Debug|Any CPU
		{8C375038-D354-4F83-B9BF-F7E1455AD9C7}.Release|Any CPU.ActiveCfg = Release|Any CPU
		{8C375038-D354-4F83-B9BF-F7E1455AD9C7}.Release|Any CPU.Build.0 = Release|Any CPU
		{B09B88F7-E772-4708-B0CF-7CD3A1EB020A}.Debug|Any CPU.ActiveCfg = Debug|Any CPU
		{B09B88F7-E772-4708-B0CF-7CD3A1EB020A}.Debug|Any CPU.Build.0 = Debug|Any CPU
		{B09B88F7-E772-4708-B0CF-7CD3A1EB020A}.Release|Any CPU.ActiveCfg = Release|Any CPU
		{B09B88F7-E772-4708-B0CF-7CD3A1EB020A}.Release|Any CPU.Build.0 = Release|Any CPU
		{521696D9-CBC8-42A1-BD83-39E9545AFA97}.Debug|Any CPU.ActiveCfg = Debug|Any CPU
		{521696D9-CBC8-42A1-BD83-39E9545AFA97}.Debug|Any CPU.Build.0 = Debug|Any CPU
		{521696D9-CBC8-42A1-BD83-39E9545AFA97}.Release|Any CPU.ActiveCfg = Release|Any CPU
		{521696D9-CBC8-42A1-BD83-39E9545AFA97}.Release|Any CPU.Build.0 = Release|Any CPU
		{CB933466-E7A2-4FA2-8280-F427B5651EBA}.Debug|Any CPU.ActiveCfg = Debug|Any CPU
		{CB933466-E7A2-4FA2-8280-F427B5651EBA}.Debug|Any CPU.Build.0 = Debug|Any CPU
		{CB933466-E7A2-4FA2-8280-F427B5651EBA}.Release|Any CPU.ActiveCfg = Release|Any CPU
		{CB933466-E7A2-4FA2-8280-F427B5651EBA}.Release|Any CPU.Build.0 = Release|Any CPU
		{8CD5841C-F0A0-42F8-81CC-0451D583A013}.Debug|Any CPU.ActiveCfg = Debug|Any CPU
		{8CD5841C-F0A0-42F8-81CC-0451D583A013}.Debug|Any CPU.Build.0 = Debug|Any CPU
		{8CD5841C-F0A0-42F8-81CC-0451D583A013}.Release|Any CPU.ActiveCfg = Release|Any CPU
		{8CD5841C-F0A0-42F8-81CC-0451D583A013}.Release|Any CPU.Build.0 = Release|Any CPU
		{CF29126C-7ADC-4245-8D3F-07F7FCE8D6C6}.Debug|Any CPU.ActiveCfg = Debug|Any CPU
		{CF29126C-7ADC-4245-8D3F-07F7FCE8D6C6}.Debug|Any CPU.Build.0 = Debug|Any CPU
		{CF29126C-7ADC-4245-8D3F-07F7FCE8D6C6}.Release|Any CPU.ActiveCfg = Release|Any CPU
		{CF29126C-7ADC-4245-8D3F-07F7FCE8D6C6}.Release|Any CPU.Build.0 = Release|Any CPU
	EndGlobalSection
	GlobalSection(SolutionProperties) = preSolution
		HideSolutionNode = FALSE
	EndGlobalSection
	GlobalSection(NestedProjects) = preSolution
		{53DA0EA0-A364-429D-98AA-D31293DDEAC7} = {EE00E34B-1731-49AA-8B32-6B0B79EFA162}
		{BFC8F195-2320-415E-AA9A-CF514D396A9F} = {EE00E34B-1731-49AA-8B32-6B0B79EFA162}
		{D5A4E945-968C-4DA6-B33D-46E4342A2A59} = {EE00E34B-1731-49AA-8B32-6B0B79EFA162}
		{8C375038-D354-4F83-B9BF-F7E1455AD9C7} = {D5A4E945-968C-4DA6-B33D-46E4342A2A59}
		{B09B88F7-E772-4708-B0CF-7CD3A1EB020A} = {BFC8F195-2320-415E-AA9A-CF514D396A9F}
		{25037BEF-9C9B-472B-AFD6-A04776DC95B9} = {EE00E34B-1731-49AA-8B32-6B0B79EFA162}
		{521696D9-CBC8-42A1-BD83-39E9545AFA97} = {25037BEF-9C9B-472B-AFD6-A04776DC95B9}
		{CB933466-E7A2-4FA2-8280-F427B5651EBA} = {53DA0EA0-A364-429D-98AA-D31293DDEAC7}
		{59C163A1-B1A5-4AB7-84AF-09835892F263} = {EE00E34B-1731-49AA-8B32-6B0B79EFA162}
		{8CD5841C-F0A0-42F8-81CC-0451D583A013} = {59C163A1-B1A5-4AB7-84AF-09835892F263}
		{CF29126C-7ADC-4245-8D3F-07F7FCE8D6C6} = {59C163A1-B1A5-4AB7-84AF-09835892F263}
	EndGlobalSection
	GlobalSection(ExtensibilityGlobals) = postSolution
		SolutionGuid = {68DE7DD0-C2CB-44AE-AE84-CC94052E6814}
	EndGlobalSection
EndGlobal
